
Microsoft Visual Studio Solution File, Format Version 12.00
# Visual Studio Version 18
VisualStudioVersion = 18.0.11205.157
MinimumVisualStudioVersion = 10.0.40219.1
Project("{C7167F0D-BC9F-4E6E-AFE1-012C56B48DB5}") = "wakey (Package)", "wakey\wakey (Package)\wakey (Package).wapproj", "{17746CD3-0A6D-418C-8A06-891FCF809F44}"
EndProject
Project("{8BC9CEB8-8B4A-11D0-8D11-00A0C91BC942}") = "wakey", "wakey\wakey\wakey.vcxproj", "{0616746A-AC9B-4F0D-994C-DD19506EC331}"
EndProject
Global
	GlobalSection(SolutionConfigurationPlatforms) = preSolution
		Debug|ARM64 = Debug|ARM64
		Debug|x64 = Debug|x64
		Debug|x86 = Debug|x86
		Release|ARM64 = Release|ARM64
		Release|x64 = Release|x64
		Release|x86 = Release|x86
	EndGlobalSection
	GlobalSection(ProjectConfigurationPlatforms) = postSolution
		{17746CD3-0A6D-418C-8A06-891FCF809F44}.Debug|ARM64.ActiveCfg = Debug|ARM64
		{17746CD3-0A6D-418C-8A06-891FCF809F44}.Debug|ARM64.Build.0 = Debug|ARM64
		{17746CD3-0A6D-418C-8A06-891FCF809F44}.Debug|ARM64.Deploy.0 = Debug|ARM64
		{17746CD3-0A6D-418C-8A06-891FCF809F44}.Debug|x64.ActiveCfg = Debug|x64
		{17746CD3-0A6D-418C-8A06-891FCF809F44}.Debug|x64.Build.0 = Debug|x64
		{17746CD3-0A6D-418C-8A06-891FCF809F44}.Debug|x64.Deploy.0 = Debug|x64
		{17746CD3-0A6D-418C-8A06-891FCF809F44}.Debug|x86.ActiveCfg = Debug|x86
		{17746CD3-0A6D-418C-8A06-891FCF809F44}.Debug|x86.Build.0 = Debug|x86
		{17746CD3-0A6D-418C-8A06-891FCF809F44}.Debug|x86.Deploy.0 = Debug|x86
		{17746CD3-0A6D-418C-8A06-891FCF809F44}.Release|ARM64.ActiveCfg = Release|ARM64
		{17746CD3-0A6D-418C-8A06-891FCF809F44}.Release|ARM64.Build.0 = Release|ARM64
		{17746CD3-0A6D-418C-8A06-891FCF809F44}.Release|ARM64.Deploy.0 = Release|ARM64
		{17746CD3-0A6D-418C-8A06-891FCF809F44}.Release|x64.ActiveCfg = Release|x64
		{17746CD3-0A6D-418C-8A06-891FCF809F44}.Release|x64.Build.0 = Release|x64
		{17746CD3-0A6D-418C-8A06-891FCF809F44}.Release|x64.Deploy.0 = Release|x64
		{17746CD3-0A6D-418C-8A06-891FCF809F44}.Release|x86.ActiveCfg = Release|x86
		{17746CD3-0A6D-418C-8A06-891FCF809F44}.Release|x86.Build.0 = Release|x86
		{17746CD3-0A6D-418C-8A06-891FCF809F44}.Release|x86.Deploy.0 = Release|x86
		{0616746A-AC9B-4F0D-994C-DD19506EC331}.Debug|ARM64.ActiveCfg = Debug|ARM64
		{0616746A-AC9B-4F0D-994C-DD19506EC331}.Debug|ARM64.Build.0 = Debug|ARM64
		{0616746A-AC9B-4F0D-994C-DD19506EC331}.Debug|x64.ActiveCfg = Debug|x64
		{0616746A-AC9B-4F0D-994C-DD19506EC331}.Debug|x64.Build.0 = Debug|x64
		{0616746A-AC9B-4F0D-994C-DD19506EC331}.Debug|x86.ActiveCfg = Debug|Win32
		{0616746A-AC9B-4F0D-994C-DD19506EC331}.Debug|x86.Build.0 = Debug|Win32
		{0616746A-AC9B-4F0D-994C-DD19506EC331}.Release|ARM64.ActiveCfg = Debug|ARM64
		{0616746A-AC9B-4F0D-994C-DD19506EC331}.Release|ARM64.Build.0 = Debug|ARM64
		{0616746A-AC9B-4F0D-994C-DD19506EC331}.Release|x64.ActiveCfg = Release|x64
		{0616746A-AC9B-4F0D-994C-DD19506EC331}.Release|x64.Build.0 = Release|x64
		{0616746A-AC9B-4F0D-994C-DD19506EC331}.Release|x86.ActiveCfg = Release|Win32
		{0616746A-AC9B-4F0D-994C-DD19506EC331}.Release|x86.Build.0 = Release|Win32
	EndGlobalSection
	GlobalSection(SolutionProperties) = preSolution
		HideSolutionNode = FALSE
	EndGlobalSection
	GlobalSection(ExtensibilityGlobals) = postSolution
		SolutionGuid = {7294F8F0-3921-4CEA-B7E6-89BBEBEB46A1}
	EndGlobalSection
EndGlobal
